
Microsoft Visual Studio Solution File, Format Version 12.00
# Visual Studio Version 17
VisualStudioVersion = 17.1.32228.430
MinimumVisualStudioVersion = 10.0.40219.1
Project("{9A19103F-16F7-4668-BE54-9A1E7A4F7556}") = "BooksApi", "BooksApi\BooksApi.csproj", "{149B138E-FB1E-41FE-AFD6-AF0F606FE4E5}"
EndProject
Project("{FAE04EC0-301F-11D3-BF4B-00C04F79EFBC}") = "UnitTests", "UnitTests\UnitTests.csproj", "{736295B1-87F8-4CC0-98E0-E8F1F95FE20F}"
EndProject
Global
	GlobalSection(SolutionConfigurationPlatforms) = preSolution
		Debug|Any CPU = Debug|Any CPU
		Release|Any CPU = Release|Any CPU
	EndGlobalSection
	GlobalSection(ProjectConfigurationPlatforms) = postSolution
		{149B138E-FB1E-41FE-AFD6-AF0F606FE4E5}.Debug|Any CPU.ActiveCfg = Debug|Any CPU
		{149B138E-FB1E-41FE-AFD6-AF0F606FE4E5}.Debug|Any CPU.Build.0 = Debug|Any CPU
		{149B138E-FB1E-41FE-AFD6-AF0F606FE4E5}.Release|Any CPU.ActiveCfg = Release|Any CPU
		{149B138E-FB1E-41FE-AFD6-AF0F606FE4E5}.Release|Any CPU.Build.0 = Release|Any CPU
		{736295B1-87F8-4CC0-98E0-E8F1F95FE20F}.Debug|Any CPU.ActiveCfg = Debug|Any CPU
		{736295B1-87F8-4CC0-98E0-E8F1F95FE20F}.Debug|Any CPU.Build.0 = Debug|Any CPU
		{736295B1-87F8-4CC0-98E0-E8F1F95FE20F}.Release|Any CPU.ActiveCfg = Release|Any CPU
		{736295B1-87F8-4CC0-98E0-E8F1F95FE20F}.Release|Any CPU.Build.0 = Release|Any CPU
	EndGlobalSection
	GlobalSection(SolutionProperties) = preSolution
		HideSolutionNode = FALSE
	EndGlobalSection
	GlobalSection(ExtensibilityGlobals) = postSolution
		SolutionGuid = {D3CC0942-FD41-411A-8353-075854E7D545}
	EndGlobalSection
EndGlobal
